// !$*UTF8*$!
{
	archiveVersion = 1;
	classes = {
	};
	objectVersion = 50;
	objects = {

/* Begin PBXBuildFile section */
		5E70B9BE265B9608006AA828 /* WebKit.framework in Frameworks */ = {isa = PBXBuildFile; fileRef = 5E70B9BD265B9608006AA828 /* WebKit.framework */; };
		5E70B9C0265B9617006AA828 /* Security.framework in Frameworks */ = {isa = PBXBuildFile; fileRef = 5E70B9BF265B9617006AA828 /* Security.framework */; };
		5E70B9C2265B961F006AA828 /* SystemConfiguration.framework in Frameworks */ = {isa = PBXBuildFile; fileRef = 5E70B9C1265B961F006AA828 /* SystemConfiguration.framework */; };
		5E70B9C4265B9626006AA828 /* CoreTelephony.framework in Frameworks */ = {isa = PBXBuildFile; fileRef = 5E70B9C3265B9626006AA828 /* CoreTelephony.framework */; };
		5E70B9C5265B962F006AA828 /* SystemConfiguration.framework in Frameworks */ = {isa = PBXBuildFile; fileRef = 5E70B9C1265B961F006AA828 /* SystemConfiguration.framework */; };
		5E70B9C7265B9645006AA828 /* libc++.tbd in Frameworks */ = {isa = PBXBuildFile; fileRef = 5E70B9C6265B963C006AA828 /* libc++.tbd */; };
		5E70B9CC265B9659006AA828 /* AVFoundation.framework in Frameworks */ = {isa = PBXBuildFile; fileRef = 5E70B9CB265B9659006AA828 /* AVFoundation.framework */; };
		5E70B9CD265B966A006AA828 /* CoreTelephony.framework in Frameworks */ = {isa = PBXBuildFile; fileRef = 5E70B9C3265B9626006AA828 /* CoreTelephony.framework */; };
		5E70B9CF265B967C006AA828 /* MobileCoreServices.framework in Frameworks */ = {isa = PBXBuildFile; fileRef = 5E70B9CE265B967C006AA828 /* MobileCoreServices.framework */; };
		5E70B9D1265B9685006AA828 /* Photos.framework in Frameworks */ = {isa = PBXBuildFile; fileRef = 5E70B9D0265B9685006AA828 /* Photos.framework */; };
		5E70B9D2265B968E006AA828 /* SystemConfiguration.framework in Frameworks */ = {isa = PBXBuildFile; fileRef = 5E70B9C1265B961F006AA828 /* SystemConfiguration.framework */; };
		5E70B9D3265B9696006AA828 /* WebKit.framework in Frameworks */ = {isa = PBXBuildFile; fileRef = 5E70B9BD265B9608006AA828 /* WebKit.framework */; };
		5E70B9D5265B96A1006AA828 /* AppTrackingTransparency.framework in Frameworks */ = {isa = PBXBuildFile; fileRef = 5E70B9D4265B96A1006AA828 /* AppTrackingTransparency.framework */; };
		5E70B9D7265B96AB006AA828 /* AdSupport.framework in Frameworks */ = {isa = PBXBuildFile; fileRef = 5E70B9D6265B96AB006AA828 /* AdSupport.framework */; };
		5E70B9D9265B96B6006AA828 /* CoreMotion.framework in Frameworks */ = {isa = PBXBuildFile; fileRef = 5E70B9D8265B96B6006AA828 /* CoreMotion.framework */; };
		5E70B9DA265B96BE006AA828 /* Security.framework in Frameworks */ = {isa = PBXBuildFile; fileRef = 5E70B9BF265B9617006AA828 /* Security.framework */; };
		5E70B9DB265B96CB006AA828 /* SystemConfiguration.framework in Frameworks */ = {isa = PBXBuildFile; fileRef = 5E70B9C1265B961F006AA828 /* SystemConfiguration.framework */; };
		5E70B9DD265B96E3006AA828 /* libresolv.tbd in Frameworks */ = {isa = PBXBuildFile; fileRef = 5E70B9DC265B96D5006AA828 /* libresolv.tbd */; };
		5E70B9E2265B96EF006AA828 /* libsqlite3.0.tbd in Frameworks */ = {isa = PBXBuildFile; fileRef = 5E70B9E1265B96E9006AA828 /* libsqlite3.0.tbd */; };
		5E70B9E7265B96FE006AA828 /* libz.tbd in Frameworks */ = {isa = PBXBuildFile; fileRef = 5E70B9E6265B96F7006AA828 /* libz.tbd */; };
		5E70BAAB265CDA4A006AA828 /* TapMomentResource.bundle in Resources */ = {isa = PBXBuildFile; fileRef = 5E70BAA0265CDA48006AA828 /* TapMomentResource.bundle */; };
		5E70BAAC265CDA4A006AA828 /* TapDB.framework in Frameworks */ = {isa = PBXBuildFile; fileRef = 5E70BAA1265CDA48006AA828 /* TapDB.framework */; };
		5E70BAAD265CDA4A006AA828 /* TapBootstrapSDK.framework in Frameworks */ = {isa = PBXBuildFile; fileRef = 5E70BAA2265CDA48006AA828 /* TapBootstrapSDK.framework */; };
		5E70BAAE265CDA4A006AA828 /* TapLoginSDK.framework in Frameworks */ = {isa = PBXBuildFile; fileRef = 5E70BAA3265CDA49006AA828 /* TapLoginSDK.framework */; };
		5E70BAAF265CDA4A006AA828 /* TapFriendUISDK.framework in Frameworks */ = {isa = PBXBuildFile; fileRef = 5E70BAA4265CDA49006AA828 /* TapFriendUISDK.framework */; };
		5E70BAB0265CDA4A006AA828 /* TapCommonSDK.framework in Frameworks */ = {isa = PBXBuildFile; fileRef = 5E70BAA5265CDA49006AA828 /* TapCommonSDK.framework */; };
		5E70BAB1265CDA4A006AA828 /* TapBootstrapResource.bundle in Resources */ = {isa = PBXBuildFile; fileRef = 5E70BAA6265CDA49006AA828 /* TapBootstrapResource.bundle */; };
		5E70BAB2265CDA4A006AA828 /* TapMomentSDK.framework in Frameworks */ = {isa = PBXBuildFile; fileRef = 5E70BAA7265CDA4A006AA828 /* TapMomentSDK.framework */; };
		5E70BAB3265CDA4A006AA828 /* TapFriendResource.bundle in Resources */ = {isa = PBXBuildFile; fileRef = 5E70BAA8265CDA4A006AA828 /* TapFriendResource.bundle */; };
		5E70BAB4265CDA4A006AA828 /* TapCommonResource.bundle in Resources */ = {isa = PBXBuildFile; fileRef = 5E70BAA9265CDA4A006AA828 /* TapCommonResource.bundle */; };
		5E70BAB5265CDA4A006AA828 /* TapFriendSDK.framework in Frameworks */ = {isa = PBXBuildFile; fileRef = 5E70BAAA265CDA4A006AA828 /* TapFriendSDK.framework */; };
		5E92B100265E1D7200553818 /* TapFriendsViewController.m in Sources */ = {isa = PBXBuildFile; fileRef = 5E92B0FC265E1D7200553818 /* TapFriendsViewController.m */; };
		5E92B101265E1D7200553818 /* TapDBViewController.m in Sources */ = {isa = PBXBuildFile; fileRef = 5E92B0FE265E1D7200553818 /* TapDBViewController.m */; };
		5EB9227D265649FF00BCF396 /* AppDelegate.m in Sources */ = {isa = PBXBuildFile; fileRef = 5EB9227C265649FF00BCF396 /* AppDelegate.m */; };
		5EB92283265649FF00BCF396 /* ViewController.m in Sources */ = {isa = PBXBuildFile; fileRef = 5EB92282265649FF00BCF396 /* ViewController.m */; };
		5EB92286265649FF00BCF396 /* Main.storyboard in Resources */ = {isa = PBXBuildFile; fileRef = 5EB92284265649FF00BCF396 /* Main.storyboard */; };
		5EB9228826564A0000BCF396 /* Assets.xcassets in Resources */ = {isa = PBXBuildFile; fileRef = 5EB9228726564A0000BCF396 /* Assets.xcassets */; };
		5EB9228B26564A0000BCF396 /* LaunchScreen.storyboard in Resources */ = {isa = PBXBuildFile; fileRef = 5EB9228926564A0000BCF396 /* LaunchScreen.storyboard */; };
		5EB9228E26564A0000BCF396 /* main.m in Sources */ = {isa = PBXBuildFile; fileRef = 5EB9228D26564A0000BCF396 /* main.m */; };
		5EB9229826564A0000BCF396 /* TDSDemo_iOSTests.m in Sources */ = {isa = PBXBuildFile; fileRef = 5EB9229726564A0000BCF396 /* TDSDemo_iOSTests.m */; };
		5EB922A326564A0000BCF396 /* TDSDemo_iOSUITests.m in Sources */ = {isa = PBXBuildFile; fileRef = 5EB922A226564A0000BCF396 /* TDSDemo_iOSUITests.m */; };
/* End PBXBuildFile section */

/* Begin PBXContainerItemProxy section */
		5EB9229426564A0000BCF396 /* PBXContainerItemProxy */ = {
			isa = PBXContainerItemProxy;
			containerPortal = 5EB92270265649FF00BCF396 /* Project object */;
			proxyType = 1;
			remoteGlobalIDString = 5EB92277265649FF00BCF396;
			remoteInfo = "TDSDemo-iOS";
		};
		5EB9229F26564A0000BCF396 /* PBXContainerItemProxy */ = {
			isa = PBXContainerItemProxy;
			containerPortal = 5EB92270265649FF00BCF396 /* Project object */;
			proxyType = 1;
			remoteGlobalIDString = 5EB92277265649FF00BCF396;
			remoteInfo = "TDSDemo-iOS";
		};
/* End PBXContainerItemProxy section */

/* Begin PBXFileReference section */
		5E70B9BD265B9608006AA828 /* WebKit.framework */ = {isa = PBXFileReference; lastKnownFileType = wrapper.framework; name = WebKit.framework; path = System/Library/Frameworks/WebKit.framework; sourceTree = SDKROOT; };
		5E70B9BF265B9617006AA828 /* Security.framework */ = {isa = PBXFileReference; lastKnownFileType = wrapper.framework; name = Security.framework; path = System/Library/Frameworks/Security.framework; sourceTree = SDKROOT; };
		5E70B9C1265B961F006AA828 /* SystemConfiguration.framework */ = {isa = PBXFileReference; lastKnownFileType = wrapper.framework; name = SystemConfiguration.framework; path = System/Library/Frameworks/SystemConfiguration.framework; sourceTree = SDKROOT; };
		5E70B9C3265B9626006AA828 /* CoreTelephony.framework */ = {isa = PBXFileReference; lastKnownFileType = wrapper.framework; name = CoreTelephony.framework; path = System/Library/Frameworks/CoreTelephony.framework; sourceTree = SDKROOT; };
		5E70B9C6265B963C006AA828 /* libc++.tbd */ = {isa = PBXFileReference; lastKnownFileType = "sourcecode.text-based-dylib-definition"; name = "libc++.tbd"; path = "usr/lib/libc++.tbd"; sourceTree = SDKROOT; };
		5E70B9CB265B9659006AA828 /* AVFoundation.framework */ = {isa = PBXFileReference; lastKnownFileType = wrapper.framework; name = AVFoundation.framework; path = System/Library/Frameworks/AVFoundation.framework; sourceTree = SDKROOT; };
		5E70B9CE265B967C006AA828 /* MobileCoreServices.framework */ = {isa = PBXFileReference; lastKnownFileType = wrapper.framework; name = MobileCoreServices.framework; path = System/Library/Frameworks/MobileCoreServices.framework; sourceTree = SDKROOT; };
		5E70B9D0265B9685006AA828 /* Photos.framework */ = {isa = PBXFileReference; lastKnownFileType = wrapper.framework; name = Photos.framework; path = System/Library/Frameworks/Photos.framework; sourceTree = SDKROOT; };
		5E70B9D4265B96A1006AA828 /* AppTrackingTransparency.framework */ = {isa = PBXFileReference; lastKnownFileType = wrapper.framework; name = AppTrackingTransparency.framework; path = System/Library/Frameworks/AppTrackingTransparency.framework; sourceTree = SDKROOT; };
		5E70B9D6265B96AB006AA828 /* AdSupport.framework */ = {isa = PBXFileReference; lastKnownFileType = wrapper.framework; name = AdSupport.framework; path = System/Library/Frameworks/AdSupport.framework; sourceTree = SDKROOT; };
		5E70B9D8265B96B6006AA828 /* CoreMotion.framework */ = {isa = PBXFileReference; lastKnownFileType = wrapper.framework; name = CoreMotion.framework; path = System/Library/Frameworks/CoreMotion.framework; sourceTree = SDKROOT; };
		5E70B9DC265B96D5006AA828 /* libresolv.tbd */ = {isa = PBXFileReference; lastKnownFileType = "sourcecode.text-based-dylib-definition"; name = libresolv.tbd; path = usr/lib/libresolv.tbd; sourceTree = SDKROOT; };
		5E70B9E1265B96E9006AA828 /* libsqlite3.0.tbd */ = {isa = PBXFileReference; lastKnownFileType = "sourcecode.text-based-dylib-definition"; name = libsqlite3.0.tbd; path = usr/lib/libsqlite3.0.tbd; sourceTree = SDKROOT; };
		5E70B9E6265B96F7006AA828 /* libz.tbd */ = {isa = PBXFileReference; lastKnownFileType = "sourcecode.text-based-dylib-definition"; name = libz.tbd; path = usr/lib/libz.tbd; sourceTree = SDKROOT; };
		5E70BAA0265CDA48006AA828 /* TapMomentResource.bundle */ = {isa = PBXFileReference; lastKnownFileType = "wrapper.plug-in"; path = TapMomentResource.bundle; sourceTree = "<group>"; };
		5E70BAA1265CDA48006AA828 /* TapDB.framework */ = {isa = PBXFileReference; lastKnownFileType = wrapper.framework; path = TapDB.framework; sourceTree = "<group>"; };
		5E70BAA2265CDA48006AA828 /* TapBootstrapSDK.framework */ = {isa = PBXFileReference; lastKnownFileType = wrapper.framework; path = TapBootstrapSDK.framework; sourceTree = "<group>"; };
		5E70BAA3265CDA49006AA828 /* TapLoginSDK.framework */ = {isa = PBXFileReference; lastKnownFileType = wrapper.framework; path = TapLoginSDK.framework; sourceTree = "<group>"; };
		5E70BAA4265CDA49006AA828 /* TapFriendUISDK.framework */ = {isa = PBXFileReference; lastKnownFileType = wrapper.framework; path = TapFriendUISDK.framework; sourceTree = "<group>"; };
		5E70BAA5265CDA49006AA828 /* TapCommonSDK.framework */ = {isa = PBXFileReference; lastKnownFileType = wrapper.framework; path = TapCommonSDK.framework; sourceTree = "<group>"; };
		5E70BAA6265CDA49006AA828 /* TapBootstrapResource.bundle */ = {isa = PBXFileReference; lastKnownFileType = "wrapper.plug-in"; path = TapBootstrapResource.bundle; sourceTree = "<group>"; };
		5E70BAA7265CDA4A006AA828 /* TapMomentSDK.framework */ = {isa = PBXFileReference; lastKnownFileType = wrapper.framework; path = TapMomentSDK.framework; sourceTree = "<group>"; };
		5E70BAA8265CDA4A006AA828 /* TapFriendResource.bundle */ = {isa = PBXFileReference; lastKnownFileType = "wrapper.plug-in"; path = TapFriendResource.bundle; sourceTree = "<group>"; };
		5E70BAA9265CDA4A006AA828 /* TapCommonResource.bundle */ = {isa = PBXFileReference; lastKnownFileType = "wrapper.plug-in"; path = TapCommonResource.bundle; sourceTree = "<group>"; };
		5E70BAAA265CDA4A006AA828 /* TapFriendSDK.framework */ = {isa = PBXFileReference; lastKnownFileType = wrapper.framework; path = TapFriendSDK.framework; sourceTree = "<group>"; };
		5E92B0FC265E1D7200553818 /* TapFriendsViewController.m */ = {isa = PBXFileReference; fileEncoding = 4; lastKnownFileType = sourcecode.c.objc; path = TapFriendsViewController.m; sourceTree = "<group>"; };
		5E92B0FD265E1D7200553818 /* TapFriendsViewControlle.h */ = {isa = PBXFileReference; fileEncoding = 4; lastKnownFileType = sourcecode.c.h; path = TapFriendsViewControlle.h; sourceTree = "<group>"; };
		5E92B0FE265E1D7200553818 /* TapDBViewController.m */ = {isa = PBXFileReference; fileEncoding = 4; lastKnownFileType = sourcecode.c.objc; path = TapDBViewController.m; sourceTree = "<group>"; };
		5E92B0FF265E1D7200553818 /* TapDBViewController.h */ = {isa = PBXFileReference; fileEncoding = 4; lastKnownFileType = sourcecode.c.h; path = TapDBViewController.h; sourceTree = "<group>"; };
		5EB92278265649FF00BCF396 /* TDSDemo-iOS.app */ = {isa = PBXFileReference; explicitFileType = wrapper.application; includeInIndex = 0; path = "TDSDemo-iOS.app"; sourceTree = BUILT_PRODUCTS_DIR; };
		5EB9227B265649FF00BCF396 /* AppDelegate.h */ = {isa = PBXFileReference; lastKnownFileType = sourcecode.c.h; path = AppDelegate.h; sourceTree = "<group>"; };
		5EB9227C265649FF00BCF396 /* AppDelegate.m */ = {isa = PBXFileReference; lastKnownFileType = sourcecode.c.objc; path = AppDelegate.m; sourceTree = "<group>"; };
		5EB92281265649FF00BCF396 /* ViewController.h */ = {isa = PBXFileReference; lastKnownFileType = sourcecode.c.h; path = ViewController.h; sourceTree = "<group>"; };
		5EB92282265649FF00BCF396 /* ViewController.m */ = {isa = PBXFileReference; lastKnownFileType = sourcecode.c.objc; path = ViewController.m; sourceTree = "<group>"; };
		5EB92285265649FF00BCF396 /* Base */ = {isa = PBXFileReference; lastKnownFileType = file.storyboard; name = Base; path = Base.lproj/Main.storyboard; sourceTree = "<group>"; };
		5EB9228726564A0000BCF396 /* Assets.xcassets */ = {isa = PBXFileReference; lastKnownFileType = folder.assetcatalog; path = Assets.xcassets; sourceTree = "<group>"; };
		5EB9228A26564A0000BCF396 /* Base */ = {isa = PBXFileReference; lastKnownFileType = file.storyboard; name = Base; path = Base.lproj/LaunchScreen.storyboard; sourceTree = "<group>"; };
		5EB9228C26564A0000BCF396 /* Info.plist */ = {isa = PBXFileReference; lastKnownFileType = text.plist.xml; path = Info.plist; sourceTree = "<group>"; };
		5EB9228D26564A0000BCF396 /* main.m */ = {isa = PBXFileReference; lastKnownFileType = sourcecode.c.objc; path = main.m; sourceTree = "<group>"; };
		5EB9229326564A0000BCF396 /* TDSDemo-iOSTests.xctest */ = {isa = PBXFileReference; explicitFileType = wrapper.cfbundle; includeInIndex = 0; path = "TDSDemo-iOSTests.xctest"; sourceTree = BUILT_PRODUCTS_DIR; };
		5EB9229726564A0000BCF396 /* TDSDemo_iOSTests.m */ = {isa = PBXFileReference; lastKnownFileType = sourcecode.c.objc; path = TDSDemo_iOSTests.m; sourceTree = "<group>"; };
		5EB9229926564A0000BCF396 /* Info.plist */ = {isa = PBXFileReference; lastKnownFileType = text.plist.xml; path = Info.plist; sourceTree = "<group>"; };
		5EB9229E26564A0000BCF396 /* TDSDemo-iOSUITests.xctest */ = {isa = PBXFileReference; explicitFileType = wrapper.cfbundle; includeInIndex = 0; path = "TDSDemo-iOSUITests.xctest"; sourceTree = BUILT_PRODUCTS_DIR; };
		5EB922A226564A0000BCF396 /* TDSDemo_iOSUITests.m */ = {isa = PBXFileReference; lastKnownFileType = sourcecode.c.objc; path = TDSDemo_iOSUITests.m; sourceTree = "<group>"; };
		5EB922A426564A0000BCF396 /* Info.plist */ = {isa = PBXFileReference; lastKnownFileType = text.plist.xml; path = Info.plist; sourceTree = "<group>"; };
/* End PBXFileReference section */

/* Begin PBXFrameworksBuildPhase section */
		5EB92275265649FF00BCF396 /* Frameworks */ = {
			isa = PBXFrameworksBuildPhase;
			buildActionMask = 2147483647;
			files = (
				5E70B9D7265B96AB006AA828 /* AdSupport.framework in Frameworks */,
				5E70B9E2265B96EF006AA828 /* libsqlite3.0.tbd in Frameworks */,
				5E70B9CF265B967C006AA828 /* MobileCoreServices.framework in Frameworks */,
				5E70B9D9265B96B6006AA828 /* CoreMotion.framework in Frameworks */,
				5E70B9DA265B96BE006AA828 /* Security.framework in Frameworks */,
				5E70B9C7265B9645006AA828 /* libc++.tbd in Frameworks */,
				5E70B9DB265B96CB006AA828 /* SystemConfiguration.framework in Frameworks */,
				5E70B9D5265B96A1006AA828 /* AppTrackingTransparency.framework in Frameworks */,
				5E70B9BE265B9608006AA828 /* WebKit.framework in Frameworks */,
				5E70B9D2265B968E006AA828 /* SystemConfiguration.framework in Frameworks */,
				5E70B9D3265B9696006AA828 /* WebKit.framework in Frameworks */,
				5E70BAAE265CDA4A006AA828 /* TapLoginSDK.framework in Frameworks */,
				5E70B9C0265B9617006AA828 /* Security.framework in Frameworks */,
				5E70B9C5265B962F006AA828 /* SystemConfiguration.framework in Frameworks */,
				5E70B9CD265B966A006AA828 /* CoreTelephony.framework in Frameworks */,
				5E70B9CC265B9659006AA828 /* AVFoundation.framework in Frameworks */,
				5E70BAB5265CDA4A006AA828 /* TapFriendSDK.framework in Frameworks */,
				5E70BAB0265CDA4A006AA828 /* TapCommonSDK.framework in Frameworks */,
				5E70BAAC265CDA4A006AA828 /* TapDB.framework in Frameworks */,
				5E70BAAF265CDA4A006AA828 /* TapFriendUISDK.framework in Frameworks */,
				5E70B9DD265B96E3006AA828 /* libresolv.tbd in Frameworks */,
				5E70B9D1265B9685006AA828 /* Photos.framework in Frameworks */,
				5E70BAB2265CDA4A006AA828 /* TapMomentSDK.framework in Frameworks */,
				5E70BAAD265CDA4A006AA828 /* TapBootstrapSDK.framework in Frameworks */,
				5E70B9C2265B961F006AA828 /* SystemConfiguration.framework in Frameworks */,
				5E70B9C4265B9626006AA828 /* CoreTelephony.framework in Frameworks */,
				5E70B9E7265B96FE006AA828 /* libz.tbd in Frameworks */,
			);
			runOnlyForDeploymentPostprocessing = 0;
		};
		5EB9229026564A0000BCF396 /* Frameworks */ = {
			isa = PBXFrameworksBuildPhase;
			buildActionMask = 2147483647;
			files = (
			);
			runOnlyForDeploymentPostprocessing = 0;
		};
		5EB9229B26564A0000BCF396 /* Frameworks */ = {
			isa = PBXFrameworksBuildPhase;
			buildActionMask = 2147483647;
			files = (
			);
			runOnlyForDeploymentPostprocessing = 0;
		};
/* End PBXFrameworksBuildPhase section */

/* Begin PBXGroup section */
		5E70B9BC265B9608006AA828 /* Frameworks */ = {
			isa = PBXGroup;
			children = (
				5E70B9E6265B96F7006AA828 /* libz.tbd */,
				5E70B9E1265B96E9006AA828 /* libsqlite3.0.tbd */,
				5E70B9DC265B96D5006AA828 /* libresolv.tbd */,
				5E70B9D8265B96B6006AA828 /* CoreMotion.framework */,
				5E70B9D6265B96AB006AA828 /* AdSupport.framework */,
				5E70B9D4265B96A1006AA828 /* AppTrackingTransparency.framework */,
				5E70B9D0265B9685006AA828 /* Photos.framework */,
				5E70B9CE265B967C006AA828 /* MobileCoreServices.framework */,
				5E70B9CB265B9659006AA828 /* AVFoundation.framework */,
				5E70B9C6265B963C006AA828 /* libc++.tbd */,
				5E70B9C3265B9626006AA828 /* CoreTelephony.framework */,
				5E70B9C1265B961F006AA828 /* SystemConfiguration.framework */,
				5E70B9BF265B9617006AA828 /* Security.framework */,
				5E70B9BD265B9608006AA828 /* WebKit.framework */,
			);
			name = Frameworks;
			sourceTree = "<group>";
		};
		5EB9226F265649FF00BCF396 = {
			isa = PBXGroup;
			children = (
				5E70BAA6265CDA49006AA828 /* TapBootstrapResource.bundle */,
				5E70BAA2265CDA48006AA828 /* TapBootstrapSDK.framework */,
				5E70BAA9265CDA4A006AA828 /* TapCommonResource.bundle */,
				5E70BAA5265CDA49006AA828 /* TapCommonSDK.framework */,
				5E70BAA1265CDA48006AA828 /* TapDB.framework */,
				5E70BAA8265CDA4A006AA828 /* TapFriendResource.bundle */,
				5E70BAAA265CDA4A006AA828 /* TapFriendSDK.framework */,
				5E70BAA4265CDA49006AA828 /* TapFriendUISDK.framework */,
				5E70BAA3265CDA49006AA828 /* TapLoginSDK.framework */,
				5E70BAA0265CDA48006AA828 /* TapMomentResource.bundle */,
				5E70BAA7265CDA4A006AA828 /* TapMomentSDK.framework */,
				5EB9227A265649FF00BCF396 /* TDSDemo-iOS */,
				5EB9229626564A0000BCF396 /* TDSDemo-iOSTests */,
				5EB922A126564A0000BCF396 /* TDSDemo-iOSUITests */,
				5EB92279265649FF00BCF396 /* Products */,
				5E70B9BC265B9608006AA828 /* Frameworks */,
			);
			sourceTree = "<group>";
		};
		5EB92279265649FF00BCF396 /* Products */ = {
			isa = PBXGroup;
			children = (
				5EB92278265649FF00BCF396 /* TDSDemo-iOS.app */,
				5EB9229326564A0000BCF396 /* TDSDemo-iOSTests.xctest */,
				5EB9229E26564A0000BCF396 /* TDSDemo-iOSUITests.xctest */,
			);
			name = Products;
			sourceTree = "<group>";
		};
		5EB9227A265649FF00BCF396 /* TDSDemo-iOS */ = {
			isa = PBXGroup;
			children = (
				5E92B0FF265E1D7200553818 /* TapDBViewController.h */,
				5E92B0FE265E1D7200553818 /* TapDBViewController.m */,
				5E92B0FD265E1D7200553818 /* TapFriendsViewControlle.h */,
				5E92B0FC265E1D7200553818 /* TapFriendsViewController.m */,
				5EB9227B265649FF00BCF396 /* AppDelegate.h */,
				5EB9227C265649FF00BCF396 /* AppDelegate.m */,
				5EB92281265649FF00BCF396 /* ViewController.h */,
				5EB92282265649FF00BCF396 /* ViewController.m */,
				5EB92284265649FF00BCF396 /* Main.storyboard */,
				5EB9228726564A0000BCF396 /* Assets.xcassets */,
				5EB9228926564A0000BCF396 /* LaunchScreen.storyboard */,
				5EB9228C26564A0000BCF396 /* Info.plist */,
				5EB9228D26564A0000BCF396 /* main.m */,
			);
			path = "TDSDemo-iOS";
			sourceTree = "<group>";
		};
		5EB9229626564A0000BCF396 /* TDSDemo-iOSTests */ = {
			isa = PBXGroup;
			children = (
				5EB9229726564A0000BCF396 /* TDSDemo_iOSTests.m */,
				5EB9229926564A0000BCF396 /* Info.plist */,
			);
			path = "TDSDemo-iOSTests";
			sourceTree = "<group>";
		};
		5EB922A126564A0000BCF396 /* TDSDemo-iOSUITests */ = {
			isa = PBXGroup;
			children = (
				5EB922A226564A0000BCF396 /* TDSDemo_iOSUITests.m */,
				5EB922A426564A0000BCF396 /* Info.plist */,
			);
			path = "TDSDemo-iOSUITests";
			sourceTree = "<group>";
		};
/* End PBXGroup section */

/* Begin PBXNativeTarget section */
		5EB92277265649FF00BCF396 /* TDSDemo-iOS */ = {
			isa = PBXNativeTarget;
			buildConfigurationList = 5EB922A726564A0000BCF396 /* Build configuration list for PBXNativeTarget "TDSDemo-iOS" */;
			buildPhases = (
				5EB92274265649FF00BCF396 /* Sources */,
				5EB92275265649FF00BCF396 /* Frameworks */,
				5EB92276265649FF00BCF396 /* Resources */,
			);
			buildRules = (
			);
			dependencies = (
			);
			name = "TDSDemo-iOS";
			productName = "TDSDemo-iOS";
			productReference = 5EB92278265649FF00BCF396 /* TDSDemo-iOS.app */;
			productType = "com.apple.product-type.application";
		};
		5EB9229226564A0000BCF396 /* TDSDemo-iOSTests */ = {
			isa = PBXNativeTarget;
			buildConfigurationList = 5EB922AA26564A0000BCF396 /* Build configuration list for PBXNativeTarget "TDSDemo-iOSTests" */;
			buildPhases = (
				5EB9228F26564A0000BCF396 /* Sources */,
				5EB9229026564A0000BCF396 /* Frameworks */,
				5EB9229126564A0000BCF396 /* Resources */,
			);
			buildRules = (
			);
			dependencies = (
				5EB9229526564A0000BCF396 /* PBXTargetDependency */,
			);
			name = "TDSDemo-iOSTests";
			productName = "TDSDemo-iOSTests";
			productReference = 5EB9229326564A0000BCF396 /* TDSDemo-iOSTests.xctest */;
			productType = "com.apple.product-type.bundle.unit-test";
		};
		5EB9229D26564A0000BCF396 /* TDSDemo-iOSUITests */ = {
			isa = PBXNativeTarget;
			buildConfigurationList = 5EB922AD26564A0000BCF396 /* Build configuration list for PBXNativeTarget "TDSDemo-iOSUITests" */;
			buildPhases = (
				5EB9229A26564A0000BCF396 /* Sources */,
				5EB9229B26564A0000BCF396 /* Frameworks */,
				5EB9229C26564A0000BCF396 /* Resources */,
			);
			buildRules = (
			);
			dependencies = (
				5EB922A026564A0000BCF396 /* PBXTargetDependency */,
			);
			name = "TDSDemo-iOSUITests";
			productName = "TDSDemo-iOSUITests";
			productReference = 5EB9229E26564A0000BCF396 /* TDSDemo-iOSUITests.xctest */;
			productType = "com.apple.product-type.bundle.ui-testing";
		};
/* End PBXNativeTarget section */

/* Begin PBXProject section */
		5EB92270265649FF00BCF396 /* Project object */ = {
			isa = PBXProject;
			attributes = {
				LastUpgradeCheck = 1240;
				TargetAttributes = {
					5EB92277265649FF00BCF396 = {
						CreatedOnToolsVersion = 12.4;
					};
					5EB9229226564A0000BCF396 = {
						CreatedOnToolsVersion = 12.4;
						TestTargetID = 5EB92277265649FF00BCF396;
					};
					5EB9229D26564A0000BCF396 = {
						CreatedOnToolsVersion = 12.4;
						TestTargetID = 5EB92277265649FF00BCF396;
					};
				};
			};
			buildConfigurationList = 5EB92273265649FF00BCF396 /* Build configuration list for PBXProject "TDSDemo-iOS" */;
			compatibilityVersion = "Xcode 9.3";
			developmentRegion = en;
			hasScannedForEncodings = 0;
			knownRegions = (
				en,
				Base,
			);
			mainGroup = 5EB9226F265649FF00BCF396;
			productRefGroup = 5EB92279265649FF00BCF396 /* Products */;
			projectDirPath = "";
			projectRoot = "";
			targets = (
				5EB92277265649FF00BCF396 /* TDSDemo-iOS */,
				5EB9229226564A0000BCF396 /* TDSDemo-iOSTests */,
				5EB9229D26564A0000BCF396 /* TDSDemo-iOSUITests */,
			);
		};
/* End PBXProject section */

/* Begin PBXResourcesBuildPhase section */
		5EB92276265649FF00BCF396 /* Resources */ = {
			isa = PBXResourcesBuildPhase;
			buildActionMask = 2147483647;
			files = (
				5EB9228B26564A0000BCF396 /* LaunchScreen.storyboard in Resources */,
				5E70BAB4265CDA4A006AA828 /* TapCommonResource.bundle in Resources */,
				5E70BAB1265CDA4A006AA828 /* TapBootstrapResource.bundle in Resources */,
				5E70BAAB265CDA4A006AA828 /* TapMomentResource.bundle in Resources */,
				5E70BAB3265CDA4A006AA828 /* TapFriendResource.bundle in Resources */,
				5EB9228826564A0000BCF396 /* Assets.xcassets in Resources */,
				5EB92286265649FF00BCF396 /* Main.storyboard in Resources */,
			);
			runOnlyForDeploymentPostprocessing = 0;
		};
		5EB9229126564A0000BCF396 /* Resources */ = {
			isa = PBXResourcesBuildPhase;
			buildActionMask = 2147483647;
			files = (
			);
			runOnlyForDeploymentPostprocessing = 0;
		};
		5EB9229C26564A0000BCF396 /* Resources */ = {
			isa = PBXResourcesBuildPhase;
			buildActionMask = 2147483647;
			files = (
			);
			runOnlyForDeploymentPostprocessing = 0;
		};
/* End PBXResourcesBuildPhase section */

/* Begin PBXSourcesBuildPhase section */
		5EB92274265649FF00BCF396 /* Sources */ = {
			isa = PBXSourcesBuildPhase;
			buildActionMask = 2147483647;
			files = (
				5E92B100265E1D7200553818 /* TapFriendsViewController.m in Sources */,
				5E92B101265E1D7200553818 /* TapDBViewController.m in Sources */,
				5EB92283265649FF00BCF396 /* ViewController.m in Sources */,
				5EB9227D265649FF00BCF396 /* AppDelegate.m in Sources */,
				5EB9228E26564A0000BCF396 /* main.m in Sources */,
			);
			runOnlyForDeploymentPostprocessing = 0;
		};
		5EB9228F26564A0000BCF396 /* Sources */ = {
			isa = PBXSourcesBuildPhase;
			buildActionMask = 2147483647;
			files = (
				5EB9229826564A0000BCF396 /* TDSDemo_iOSTests.m in Sources */,
			);
			runOnlyForDeploymentPostprocessing = 0;
		};
		5EB9229A26564A0000BCF396 /* Sources */ = {
			isa = PBXSourcesBuildPhase;
			buildActionMask = 2147483647;
			files = (
				5EB922A326564A0000BCF396 /* TDSDemo_iOSUITests.m in Sources */,
			);
			runOnlyForDeploymentPostprocessing = 0;
		};
/* End PBXSourcesBuildPhase section */

/* Begin PBXTargetDependency section */
		5EB9229526564A0000BCF396 /* PBXTargetDependency */ = {
			isa = PBXTargetDependency;
			target = 5EB92277265649FF00BCF396 /* TDSDemo-iOS */;
			targetProxy = 5EB9229426564A0000BCF396 /* PBXContainerItemProxy */;
		};
		5EB922A026564A0000BCF396 /* PBXTargetDependency */ = {
			isa = PBXTargetDependency;
			target = 5EB92277265649FF00BCF396 /* TDSDemo-iOS */;
			targetProxy = 5EB9229F26564A0000BCF396 /* PBXContainerItemProxy */;
		};
/* End PBXTargetDependency section */

/* Begin PBXVariantGroup section */
		5EB92284265649FF00BCF396 /* Main.storyboard */ = {
			isa = PBXVariantGroup;
			children = (
				5EB92285265649FF00BCF396 /* Base */,
			);
			name = Main.storyboard;
			sourceTree = "<group>";
		};
		5EB9228926564A0000BCF396 /* LaunchScreen.storyboard */ = {
			isa = PBXVariantGroup;
			children = (
				5EB9228A26564A0000BCF396 /* Base */,
			);
			name = LaunchScreen.storyboard;
			sourceTree = "<group>";
		};
/* End PBXVariantGroup section */

/* Begin XCBuildConfiguration section */
		5EB922A526564A0000BCF396 /* Debug */ = {
			isa = XCBuildConfiguration;
			buildSettings = {
				ALWAYS_SEARCH_USER_PATHS = NO;
				CLANG_ANALYZER_NONNULL = YES;
				CLANG_ANALYZER_NUMBER_OBJECT_CONVERSION = YES_AGGRESSIVE;
				CLANG_CXX_LANGUAGE_STANDARD = "gnu++14";
				CLANG_CXX_LIBRARY = "libc++";
				CLANG_ENABLE_MODULES = YES;
				CLANG_ENABLE_OBJC_ARC = YES;
				CLANG_ENABLE_OBJC_WEAK = YES;
				CLANG_WARN_BLOCK_CAPTURE_AUTORELEASING = YES;
				CLANG_WARN_BOOL_CONVERSION = YES;
				CLANG_WARN_COMMA = YES;
				CLANG_WARN_CONSTANT_CONVERSION = YES;
				CLANG_WARN_DEPRECATED_OBJC_IMPLEMENTATIONS = YES;
				CLANG_WARN_DIRECT_OBJC_ISA_USAGE = YES_ERROR;
				CLANG_WARN_DOCUMENTATION_COMMENTS = YES;
				CLANG_WARN_EMPTY_BODY = YES;
				CLANG_WARN_ENUM_CONVERSION = YES;
				CLANG_WARN_INFINITE_RECURSION = YES;
				CLANG_WARN_INT_CONVERSION = YES;
				CLANG_WARN_NON_LITERAL_NULL_CONVERSION = YES;
				CLANG_WARN_OBJC_IMPLICIT_RETAIN_SELF = YES;
				CLANG_WARN_OBJC_LITERAL_CONVERSION = YES;
				CLANG_WARN_OBJC_ROOT_CLASS = YES_ERROR;
				CLANG_WARN_QUOTED_INCLUDE_IN_FRAMEWORK_HEADER = YES;
				CLANG_WARN_RANGE_LOOP_ANALYSIS = YES;
				CLANG_WARN_STRICT_PROTOTYPES = YES;
				CLANG_WARN_SUSPICIOUS_MOVE = YES;
				CLANG_WARN_UNGUARDED_AVAILABILITY = YES_AGGRESSIVE;
				CLANG_WARN_UNREACHABLE_CODE = YES;
				CLANG_WARN__DUPLICATE_METHOD_MATCH = YES;
				COPY_PHASE_STRIP = NO;
				DEBUG_INFORMATION_FORMAT = dwarf;
				ENABLE_STRICT_OBJC_MSGSEND = YES;
				ENABLE_TESTABILITY = YES;
				GCC_C_LANGUAGE_STANDARD = gnu11;
				GCC_DYNAMIC_NO_PIC = NO;
				GCC_NO_COMMON_BLOCKS = YES;
				GCC_OPTIMIZATION_LEVEL = 0;
				GCC_PREPROCESSOR_DEFINITIONS = (
					"DEBUG=1",
					"$(inherited)",
				);
				GCC_WARN_64_TO_32_BIT_CONVERSION = YES;
				GCC_WARN_ABOUT_RETURN_TYPE = YES_ERROR;
				GCC_WARN_UNDECLARED_SELECTOR = YES;
				GCC_WARN_UNINITIALIZED_AUTOS = YES_AGGRESSIVE;
				GCC_WARN_UNUSED_FUNCTION = YES;
				GCC_WARN_UNUSED_VARIABLE = YES;
				IPHONEOS_DEPLOYMENT_TARGET = 14.4;
				MTL_ENABLE_DEBUG_INFO = INCLUDE_SOURCE;
				MTL_FAST_MATH = YES;
				ONLY_ACTIVE_ARCH = YES;
				OTHER_LDFLAGS = "-ObjC";
				SDKROOT = iphoneos;
			};
			name = Debug;
		};
		5EB922A626564A0000BCF396 /* Release */ = {
			isa = XCBuildConfiguration;
			buildSettings = {
				ALWAYS_SEARCH_USER_PATHS = NO;
				CLANG_ANALYZER_NONNULL = YES;
				CLANG_ANALYZER_NUMBER_OBJECT_CONVERSION = YES_AGGRESSIVE;
				CLANG_CXX_LANGUAGE_STANDARD = "gnu++14";
				CLANG_CXX_LIBRARY = "libc++";
				CLANG_ENABLE_MODULES = YES;
				CLANG_ENABLE_OBJC_ARC = YES;
				CLANG_ENABLE_OBJC_WEAK = YES;
				CLANG_WARN_BLOCK_CAPTURE_AUTORELEASING = YES;
				CLANG_WARN_BOOL_CONVERSION = YES;
				CLANG_WARN_COMMA = YES;
				CLANG_WARN_CONSTANT_CONVERSION = YES;
				CLANG_WARN_DEPRECATED_OBJC_IMPLEMENTATIONS = YES;
				CLANG_WARN_DIRECT_OBJC_ISA_USAGE = YES_ERROR;
				CLANG_WARN_DOCUMENTATION_COMMENTS = YES;
				CLANG_WARN_EMPTY_BODY = YES;
				CLANG_WARN_ENUM_CONVERSION = YES;
				CLANG_WARN_INFINITE_RECURSION = YES;
				CLANG_WARN_INT_CONVERSION = YES;
				CLANG_WARN_NON_LITERAL_NULL_CONVERSION = YES;
				CLANG_WARN_OBJC_IMPLICIT_RETAIN_SELF = YES;
				CLANG_WARN_OBJC_LITERAL_CONVERSION = YES;
				CLANG_WARN_OBJC_ROOT_CLASS = YES_ERROR;
				CLANG_WARN_QUOTED_INCLUDE_IN_FRAMEWORK_HEADER = YES;
				CLANG_WARN_RANGE_LOOP_ANALYSIS = YES;
				CLANG_WARN_STRICT_PROTOTYPES = YES;
				CLANG_WARN_SUSPICIOUS_MOVE = YES;
				CLANG_WARN_UNGUARDED_AVAILABILITY = YES_AGGRESSIVE;
				CLANG_WARN_UNREACHABLE_CODE = YES;
				CLANG_WARN__DUPLICATE_METHOD_MATCH = YES;
				COPY_PHASE_STRIP = NO;
				DEBUG_INFORMATION_FORMAT = "dwarf-with-dsym";
				ENABLE_NS_ASSERTIONS = NO;
				ENABLE_STRICT_OBJC_MSGSEND = YES;
				GCC_C_LANGUAGE_STANDARD = gnu11;
				GCC_NO_COMMON_BLOCKS = YES;
				GCC_WARN_64_TO_32_BIT_CONVERSION = YES;
				GCC_WARN_ABOUT_RETURN_TYPE = YES_ERROR;
				GCC_WARN_UNDECLARED_SELECTOR = YES;
				GCC_WARN_UNINITIALIZED_AUTOS = YES_AGGRESSIVE;
				GCC_WARN_UNUSED_FUNCTION = YES;
				GCC_WARN_UNUSED_VARIABLE = YES;
				IPHONEOS_DEPLOYMENT_TARGET = 14.4;
				MTL_ENABLE_DEBUG_INFO = NO;
				MTL_FAST_MATH = YES;
				OTHER_LDFLAGS = "-ObjC";
				SDKROOT = iphoneos;
				VALIDATE_PRODUCT = YES;
			};
			name = Release;
		};
		5EB922A826564A0000BCF396 /* Debug */ = {
			isa = XCBuildConfiguration;
			buildSettings = {
				ASSETCATALOG_COMPILER_APPICON_NAME = AppIcon;
				ASSETCATALOG_COMPILER_GLOBAL_ACCENT_COLOR_NAME = AccentColor;
				CODE_SIGN_STYLE = Automatic;
				DEVELOPMENT_TEAM = "";
				FRAMEWORK_SEARCH_PATHS = (
					"$(inherited)",
					"$(PROJECT_DIR)",
				);
				INFOPLIST_FILE = "TDSDemo-iOS/Info.plist";
				LD_RUNPATH_SEARCH_PATHS = (
					"$(inherited)",
					"@executable_path/Frameworks",
				);
				OTHER_LDFLAGS = "-ObjC";
				PRODUCT_BUNDLE_IDENTIFIER = com.yilia.tds;
				PRODUCT_NAME = "$(TARGET_NAME)";
				TARGETED_DEVICE_FAMILY = "1,2";
			};
			name = Debug;
		};
		5EB922A926564A0000BCF396 /* Release */ = {
			isa = XCBuildConfiguration;
			buildSettings = {
				ASSETCATALOG_COMPILER_APPICON_NAME = AppIcon;
				ASSETCATALOG_COMPILER_GLOBAL_ACCENT_COLOR_NAME = AccentColor;
				CODE_SIGN_ENTITLEMENTS = "TDSDemo-iOS/TDSDemo-iOSRelease.entitlements";
				CODE_SIGN_STYLE = Automatic;
				DEVELOPMENT_TEAM = 7J5XFNL99Q;
				FRAMEWORK_SEARCH_PATHS = (
					"$(inherited)",
					"$(PROJECT_DIR)",
				);
				INFOPLIST_FILE = "TDSDemo-iOS/Info.plist";
				LD_RUNPATH_SEARCH_PATHS = (
					"$(inherited)",
					"@executable_path/Frameworks",
				);
				OTHER_LDFLAGS = "-ObjC";
				PRODUCT_BUNDLE_IDENTIFIER = com.yilia.tds;
				PRODUCT_NAME = "$(TARGET_NAME)";
				TARGETED_DEVICE_FAMILY = "1,2";
			};
			name = Release;
		};
		5EB922AB26564A0000BCF396 /* Debug */ = {
			isa = XCBuildConfiguration;
			buildSettings = {
				BUNDLE_LOADER = "$(TEST_HOST)";
				CODE_SIGN_STYLE = Automatic;
				DEVELOPMENT_TEAM = 7J5XFNL99Q;
				INFOPLIST_FILE = "TDSDemo-iOSTests/Info.plist";
				IPHONEOS_DEPLOYMENT_TARGET = 14.4;
				LD_RUNPATH_SEARCH_PATHS = (
					"$(inherited)",
					"@executable_path/Frameworks",
					"@loader_path/Frameworks",
				);
				PRODUCT_BUNDLE_IDENTIFIER = "com.yilia.tds.TDSDemo-iOSTests";
				PRODUCT_NAME = "$(TARGET_NAME)";
				TARGETED_DEVICE_FAMILY = "1,2";
				TEST_HOST = "$(BUILT_PRODUCTS_DIR)/TDSDemo-iOS.app/TDSDemo-iOS";
			};
			name = Debug;
		};
		5EB922AC26564A0000BCF396 /* Release */ = {
			isa = XCBuildConfiguration;
			buildSettings = {
				BUNDLE_LOADER = "$(TEST_HOST)";
				CODE_SIGN_STYLE = Automatic;
				DEVELOPMENT_TEAM = 7J5XFNL99Q;
				INFOPLIST_FILE = "TDSDemo-iOSTests/Info.plist";
				IPHONEOS_DEPLOYMENT_TARGET = 14.4;
				LD_RUNPATH_SEARCH_PATHS = (
					"$(inherited)",
					"@executable_path/Frameworks",
					"@loader_path/Frameworks",
				);
				PRODUCT_BUNDLE_IDENTIFIER = "com.yilia.tds.TDSDemo-iOSTests";
				PRODUCT_NAME = "$(TARGET_NAME)";
				TARGETED_DEVICE_FAMILY = "1,2";
				TEST_HOST = "$(BUILT_PRODUCTS_DIR)/TDSDemo-iOS.app/TDSDemo-iOS";
			};
			name = Release;
		};
		5EB922AE26564A0000BCF396 /* Debug */ = {
			isa = XCBuildConfiguration;
			buildSettings = {
				CODE_SIGN_STYLE = Automatic;
				DEVELOPMENT_TEAM = 7J5XFNL99Q;
				INFOPLIST_FILE = "TDSDemo-iOSUITests/Info.plist";
				LD_RUNPATH_SEARCH_PATHS = (
					"$(inherited)",
					"@executable_path/Frameworks",
					"@loader_path/Frameworks",
				);
				PRODUCT_BUNDLE_IDENTIFIER = "com.yilia.tds.TDSDemo-iOSUITests";
				PRODUCT_NAME = "$(TARGET_NAME)";
				TARGETED_DEVICE_FAMILY = "1,2";
				TEST_TARGET_NAME = "TDSDemo-iOS";
			};
			name = Debug;
		};
		5EB922AF26564A0000BCF396 /* Release */ = {
			isa = XCBuildConfiguration;
			buildSettings = {
				CODE_SIGN_STYLE = Automatic;
				DEVELOPMENT_TEAM = 7J5XFNL99Q;
				INFOPLIST_FILE = "TDSDemo-iOSUITests/Info.plist";
				LD_RUNPATH_SEARCH_PATHS = (
					"$(inherited)",
					"@executable_path/Frameworks",
					"@loader_path/Frameworks",
				);
				PRODUCT_BUNDLE_IDENTIFIER = "com.yilia.tds.TDSDemo-iOSUITests";
				PRODUCT_NAME = "$(TARGET_NAME)";
				TARGETED_DEVICE_FAMILY = "1,2";
				TEST_TARGET_NAME = "TDSDemo-iOS";
			};
			name = Release;
		};
/* End XCBuildConfiguration section */

/* Begin XCConfigurationList section */
		5EB92273265649FF00BCF396 /* Build configuration list for PBXProject "TDSDemo-iOS" */ = {
			isa = XCConfigurationList;
			buildConfigurations = (
				5EB922A526564A0000BCF396 /* Debug */,
				5EB922A626564A0000BCF396 /* Release */,
			);
			defaultConfigurationIsVisible = 0;
			defaultConfigurationName = Release;
		};
		5EB922A726564A0000BCF396 /* Build configuration list for PBXNativeTarget "TDSDemo-iOS" */ = {
			isa = XCConfigurationList;
			buildConfigurations = (
				5EB922A826564A0000BCF396 /* Debug */,
				5EB922A926564A0000BCF396 /* Release */,
			);
			defaultConfigurationIsVisible = 0;
			defaultConfigurationName = Release;
		};
		5EB922AA26564A0000BCF396 /* Build configuration list for PBXNativeTarget "TDSDemo-iOSTests" */ = {
			isa = XCConfigurationList;
			buildConfigurations = (
				5EB922AB26564A0000BCF396 /* Debug */,
				5EB922AC26564A0000BCF396 /* Release */,
			);
			defaultConfigurationIsVisible = 0;
			defaultConfigurationName = Release;
		};
		5EB922AD26564A0000BCF396 /* Build configuration list for PBXNativeTarget "TDSDemo-iOSUITests" */ = {
			isa = XCConfigurationList;
			buildConfigurations = (
				5EB922AE26564A0000BCF396 /* Debug */,
				5EB922AF26564A0000BCF396 /* Release */,
			);
			defaultConfigurationIsVisible = 0;
			defaultConfigurationName = Release;
		};
/* End XCConfigurationList section */
	};
	rootObject = 5EB92270265649FF00BCF396 /* Project object */;
}
